<?xml version="1.0" encoding="utf-8"?>
<Project ToolsVersion="4.0" xmlns="http://schemas.microsoft.com/developer/msbuild/2003">
  <ItemGroup>
    <Filter Include="Source Files">
      <UniqueIdentifier>{C9F8D531-980D-43C0-9095-2DD479E92284}</UniqueIdentifier>
      <Extensions>cpp;c;cc;cxx</Extensions>
    </Filter>
    <Filter Include="Header Files">
      <UniqueIdentifier>{8B8CF2BF-3A2C-46A4-A349-ED77E842E412}</UniqueIdentifier>
      <Extensions>h;hpp;hxx</Extensions>
    </Filter>
  </ItemGroup>
  <ItemGroup>
    <ClCompile Include="third_party\rnnoise\src\celt_lpc.c"><Filter>Source Files</Filter></ClCompile>
    <ClCompile Include="third_party\rnnoise\src\denoise.c"><Filter>Source Files</Filter></ClCompile>
    <ClCompile Include="third_party\rnnoise\src\kiss_fft.c"><Filter>Source Files</Filter></ClCompile>
    <ClCompile Include="third_party\rnnoise\src\nnet.c"><Filter>Source Files</Filter></ClCompile>
    <ClCompile Include="third_party\rnnoise\src\nnet_default.c"><Filter>Source Files</Filter></ClCompile>
    <ClCompile Include="third_party\rnnoise\src\parse_lpcnet_weights.c"><Filter>Source Files</Filter></ClCompile>
    <ClCompile Include="third_party\rnnoise\src\pitch.c"><Filter>Source Files</Filter></ClCompile>
    <ClCompile Include="third_party\rnnoise\src\rnn.c"><Filter>Source Files</Filter></ClCompile>
    <ClCompile Include="third_party\rnnoise\src\rnnoise_data.c"><Filter>Source Files</Filter></ClCompile>
    <ClCompile Include="third_party\rnnoise\src\rnnoise_tables.c"><Filter>Source Files</Filter></ClCompile>
    <ClCompile Include="src\AdaptiveJitterBuffer.cpp"><Filter>Source Files</Filter></ClCompile>
    <ClCompile Include="src\AudioProcessor.cpp"><Filter>Source Files</Filter></ClCompile>
    <ClCompile Include="src\AppConfig.cpp"><Filter>Source Files</Filter></ClCompile>
    <ClCompile Include="src\AudioEngine.cpp"><Filter>Source Files</Filter></ClCompile>
    <ClCompile Include="src\IcePeerTransport.cpp"><Filter>Source Files</Filter></ClCompile>
    <ClCompile Include="src\IceSignal.cpp"><Filter>Source Files</Filter></ClCompile>
    <ClCompile Include="src\LoadTest.cpp"><Filter>Source Files</Filter></ClCompile>
    <ClCompile Include="src\MicrophoneTest.cpp"><Filter>Source Files</Filter></ClCompile>
    <ClCompile Include="src\NetworkSimulator.cpp"><Filter>Source Files</Filter></ClCompile>
    <ClCompile Include="src\OpusCodec.cpp"><Filter>Source Files</Filter></ClCompile>
    <ClCompile Include="src\SignalingClient.cpp"><Filter>Source Files</Filter></ClCompile>
    <ClCompile Include="src\UdpVoiceTransport.cpp"><Filter>Source Files</Filter></ClCompile>
    <ClCompile Include="src\VoiceClient.cpp"><Filter>Source Files</Filter></ClCompile>
    <ClCompile Include="src\main.cpp"><Filter>Source Files</Filter></ClCompile>
  </ItemGroup>
  <ItemGroup>
    <ClInclude Include="include\mkwvc\AdaptiveJitterBuffer.hpp"><Filter>Header Files</Filter></ClInclude>
    <ClInclude Include="include\mkwvc\AudioProcessor.hpp"><Filter>Header Files</Filter></ClInclude>
    <ClInclude Include="include\mkwvc\AppConfig.hpp"><Filter>Header Files</Filter></ClInclude>
    <ClInclude Include="include\mkwvc\AudioEngine.hpp"><Filter>Header Files</Filter></ClInclude>
    <ClInclude Include="include\mkwvc\IcePeerTransport.hpp"><Filter>Header Files</Filter></ClInclude>
    <ClInclude Include="include\mkwvc\IceSignal.hpp"><Filter>Header Files</Filter></ClInclude>
    <ClInclude Include="include\mkwvc\LoadTest.hpp"><Filter>Header Files</Filter></ClInclude>
    <ClInclude Include="include\mkwvc\MicrophoneTest.hpp"><Filter>Header Files</Filter></ClInclude>
    <ClInclude Include="include\mkwvc\NetworkSimulator.hpp"><Filter>Header Files</Filter></ClInclude>
    <ClInclude Include="include\mkwvc\OpusCodec.hpp"><Filter>Header Files</Filter></ClInclude>
    <ClInclude Include="include\mkwvc\SpscRingBuffer.hpp"><Filter>Header Files</Filter></ClInclude>
    <ClInclude Include="include\mkwvc\SignalingClient.hpp"><Filter>Header Files</Filter></ClInclude>
    <ClInclude Include="include\mkwvc\UdpVoiceTransport.hpp"><Filter>Header Files</Filter></ClInclude>
    <ClInclude Include="include\mkwvc\VoiceClient.hpp"><Filter>Header Files</Filter></ClInclude>
    <ClInclude Include="include\mkwvc\VoiceFormat.hpp"><Filter>Header Files</Filter></ClInclude>
    <ClInclude Include="include\mkwvc\VoiceTransport.hpp"><Filter>Header Files</Filter></ClInclude>
  </ItemGroup>
</Project>

